
Microsoft Visual Studio Solution File, Format Version 11.00
# Visual Studio 2010
Project("{FAE04EC0-301F-11D3-BF4B-00C04F79EFBC}") = "MasterServer.DAL", "MasterServer.DAL\MasterServer.DAL.csproj", "{959372FE-1134-4053-9DD3-8E892100171E}"
EndProject
Global
	GlobalSection(SolutionConfigurationPlatforms) = preSolution
		Debug|Any CPU = Debug|Any CPU
		Release|Any CPU = Release|Any CPU
	EndGlobalSection
	GlobalSection(ProjectConfigurationPlatforms) = postSolution
		{959372FE-1134-4053-9DD3-8E892100171E}.Debug|Any CPU.ActiveCfg = Debug|Any CPU
		{959372FE-1134-4053-9DD3-8E892100171E}.Debug|Any CPU.Build.0 = Debug|Any CPU
		{959372FE-1134-4053-9DD3-8E892100171E}.Release|Any CPU.ActiveCfg = Release|Any CPU
		{959372FE-1134-4053-9DD3-8E892100171E}.Release|Any CPU.Build.0 = Release|Any CPU
	EndGlobalSection
	GlobalSection(SolutionProperties) = preSolution
		HideSolutionNode = FALSE
	EndGlobalSection
EndGlobal
